// !$*UTF8*$!
{
	archiveVersion = 1;
	classes = {
	};
	objectVersion = 50;
	objects = {

/* Begin PBXBuildFile section */
		59FBB77EBE693126B8F3A503 /* Pods_TwitterClone.framework in Frameworks */ = {isa = PBXBuildFile; fileRef = 699F33A6DBB6A51007A433A0 /* Pods_TwitterClone.framework */; };
		92880ECF244336C800F62926 /* AppDelegate.swift in Sources */ = {isa = PBXBuildFile; fileRef = 92880ECE244336C800F62926 /* AppDelegate.swift */; };
		92880ED1244336C800F62926 /* SceneDelegate.swift in Sources */ = {isa = PBXBuildFile; fileRef = 92880ED0244336C800F62926 /* SceneDelegate.swift */; };
		92880ED6244336C800F62926 /* Main.storyboard in Resources */ = {isa = PBXBuildFile; fileRef = 92880ED4244336C800F62926 /* Main.storyboard */; };
		92880ED8244336CB00F62926 /* Assets.xcassets in Resources */ = {isa = PBXBuildFile; fileRef = 92880ED7244336CB00F62926 /* Assets.xcassets */; };
		92880EDB244336CB00F62926 /* LaunchScreen.storyboard in Resources */ = {isa = PBXBuildFile; fileRef = 92880ED9244336CB00F62926 /* LaunchScreen.storyboard */; };
		92880EEB244337C900F62926 /* MainTabController.swift in Sources */ = {isa = PBXBuildFile; fileRef = 92880EEA244337C900F62926 /* MainTabController.swift */; };
		92880EED24433A5900F62926 /* FeedController.swift in Sources */ = {isa = PBXBuildFile; fileRef = 92880EEC24433A5900F62926 /* FeedController.swift */; };
		92880EEF24433AAC00F62926 /* ExploreController.swift in Sources */ = {isa = PBXBuildFile; fileRef = 92880EEE24433AAC00F62926 /* ExploreController.swift */; };
		92880EF124433AC100F62926 /* NotificationController.swift in Sources */ = {isa = PBXBuildFile; fileRef = 92880EF024433AC100F62926 /* NotificationController.swift */; };
		92880EF324433AD900F62926 /* ConversationController.swift in Sources */ = {isa = PBXBuildFile; fileRef = 92880EF224433AD900F62926 /* ConversationController.swift */; };
		92880EF524434E2A00F62926 /* Extensions.swift in Sources */ = {isa = PBXBuildFile; fileRef = 92880EF424434E2A00F62926 /* Extensions.swift */; };
		92880EF82443534700F62926 /* LoginViewController.swift in Sources */ = {isa = PBXBuildFile; fileRef = 92880EF72443534700F62926 /* LoginViewController.swift */; };
		92880EFB244353CA00F62926 /* RegistrationViewController.swift in Sources */ = {isa = PBXBuildFile; fileRef = 92880EFA244353CA00F62926 /* RegistrationViewController.swift */; };
		92880EFD24435D3500F62926 /* Utilities.swift in Sources */ = {isa = PBXBuildFile; fileRef = 92880EFC24435D3500F62926 /* Utilities.swift */; };
		92880EFF2444A24C00F62926 /* GoogleService-Info.plist in Resources */ = {isa = PBXBuildFile; fileRef = 92880EFE2444A24C00F62926 /* GoogleService-Info.plist */; };
		929A0D59244AF6DA00542B7E /* Constans.swift in Sources */ = {isa = PBXBuildFile; fileRef = 929A0D58244AF6DA00542B7E /* Constans.swift */; };
		929A0D5B244AFD5000542B7E /* AuthService.swift in Sources */ = {isa = PBXBuildFile; fileRef = 929A0D5A244AFD5000542B7E /* AuthService.swift */; };
		929A0D5D244B108D00542B7E /* UserService.swift in Sources */ = {isa = PBXBuildFile; fileRef = 929A0D5C244B108D00542B7E /* UserService.swift */; };
		929A0D5F244B140F00542B7E /* User.swift in Sources */ = {isa = PBXBuildFile; fileRef = 929A0D5E244B140F00542B7E /* User.swift */; };
		929A0D61244B248700542B7E /* UploadTweetViewController.swift in Sources */ = {isa = PBXBuildFile; fileRef = 929A0D60244B248700542B7E /* UploadTweetViewController.swift */; };
		929A0D63244B32F400542B7E /* CaptionTextView.swift in Sources */ = {isa = PBXBuildFile; fileRef = 929A0D62244B32F400542B7E /* CaptionTextView.swift */; };
		929A0D65244B370500542B7E /* TweetService.swift in Sources */ = {isa = PBXBuildFile; fileRef = 929A0D64244B370500542B7E /* TweetService.swift */; };
		929A0D67244C6E6D00542B7E /* Tweet.swift in Sources */ = {isa = PBXBuildFile; fileRef = 929A0D66244C6E6D00542B7E /* Tweet.swift */; };
		929A0D69244C76CD00542B7E /* TweetCell.swift in Sources */ = {isa = PBXBuildFile; fileRef = 929A0D68244C76CD00542B7E /* TweetCell.swift */; };
		929A0D6B244C911C00542B7E /* TweetViewModel.swift in Sources */ = {isa = PBXBuildFile; fileRef = 929A0D6A244C911C00542B7E /* TweetViewModel.swift */; };
		929A0D6D244C9D2800542B7E /* ProfileController.swift in Sources */ = {isa = PBXBuildFile; fileRef = 929A0D6C244C9D2800542B7E /* ProfileController.swift */; };
		929A0D6F245462D300542B7E /* ProfileHeader.swift in Sources */ = {isa = PBXBuildFile; fileRef = 929A0D6E245462D300542B7E /* ProfileHeader.swift */; };
		929A0D71245474AC00542B7E /* ProfileFilterView.swift in Sources */ = {isa = PBXBuildFile; fileRef = 929A0D70245474AC00542B7E /* ProfileFilterView.swift */; };
		929A0D732455A39400542B7E /* ProfileFilterCell.swift in Sources */ = {isa = PBXBuildFile; fileRef = 929A0D722455A39400542B7E /* ProfileFilterCell.swift */; };
		929A0D752455ACDB00542B7E /* ProfileHeaderViewModel.swift in Sources */ = {isa = PBXBuildFile; fileRef = 929A0D742455ACDB00542B7E /* ProfileHeaderViewModel.swift */; };
		929A0D77245C2D3A00542B7E /* UserCell.swift in Sources */ = {isa = PBXBuildFile; fileRef = 929A0D76245C2D3A00542B7E /* UserCell.swift */; };
		929A0D79245D78B600542B7E /* TweetController.swift in Sources */ = {isa = PBXBuildFile; fileRef = 929A0D78245D78B600542B7E /* TweetController.swift */; };
		929A0D7B245D7DC900542B7E /* TweetHeader.swift in Sources */ = {isa = PBXBuildFile; fileRef = 929A0D7A245D7DC900542B7E /* TweetHeader.swift */; };
		929A0D7D2465989B00542B7E /* UploadTweetViewModel.swift in Sources */ = {isa = PBXBuildFile; fileRef = 929A0D7C2465989B00542B7E /* UploadTweetViewModel.swift */; };
		929A0D7F2466C62900542B7E /* ActionSheetLauncher.swift in Sources */ = {isa = PBXBuildFile; fileRef = 929A0D7E2466C62900542B7E /* ActionSheetLauncher.swift */; };
		929A0D812466CF7700542B7E /* ActionSheetCell.swift in Sources */ = {isa = PBXBuildFile; fileRef = 929A0D802466CF7700542B7E /* ActionSheetCell.swift */; };
		929A0D832466D43600542B7E /* ActionSheetViewModel.swift in Sources */ = {isa = PBXBuildFile; fileRef = 929A0D822466D43600542B7E /* ActionSheetViewModel.swift */; };
		929A0D852468383300542B7E /* Notification.swift in Sources */ = {isa = PBXBuildFile; fileRef = 929A0D842468383300542B7E /* Notification.swift */; };
		929A0D8724683C6200542B7E /* NotificationService.swift in Sources */ = {isa = PBXBuildFile; fileRef = 929A0D8624683C6200542B7E /* NotificationService.swift */; };
		929A0D89246847A900542B7E /* NotificationCell.swift in Sources */ = {isa = PBXBuildFile; fileRef = 929A0D88246847A900542B7E /* NotificationCell.swift */; };
		929A0D8B2468506000542B7E /* NotificationViewModel.swift in Sources */ = {isa = PBXBuildFile; fileRef = 929A0D8A2468506000542B7E /* NotificationViewModel.swift */; };
		929A0D8D24792EAB00542B7E /* EditProfileController.swift in Sources */ = {isa = PBXBuildFile; fileRef = 929A0D8C24792EAB00542B7E /* EditProfileController.swift */; };
		929A0D902479327200542B7E /* EditProfileHeader.swift in Sources */ = {isa = PBXBuildFile; fileRef = 929A0D8F2479327200542B7E /* EditProfileHeader.swift */; };
		929A0D922479378200542B7E /* EditProfileViewModel.swift in Sources */ = {isa = PBXBuildFile; fileRef = 929A0D912479378200542B7E /* EditProfileViewModel.swift */; };
		929A0D942479385D00542B7E /* EditProfileCell.swift in Sources */ = {isa = PBXBuildFile; fileRef = 929A0D932479385D00542B7E /* EditProfileCell.swift */; };
		929A0D962479535600542B7E /* InputTextView.swift in Sources */ = {isa = PBXBuildFile; fileRef = 929A0D952479535600542B7E /* InputTextView.swift */; };
/* End PBXBuildFile section */

/* Begin PBXFileReference section */
		5BF1F1326625DE807A80CF93 /* Pods-TwitterClone.release.xcconfig */ = {isa = PBXFileReference; includeInIndex = 1; lastKnownFileType = text.xcconfig; name = "Pods-TwitterClone.release.xcconfig"; path = "Target Support Files/Pods-TwitterClone/Pods-TwitterClone.release.xcconfig"; sourceTree = "<group>"; };
		699F33A6DBB6A51007A433A0 /* Pods_TwitterClone.framework */ = {isa = PBXFileReference; explicitFileType = wrapper.framework; includeInIndex = 0; path = Pods_TwitterClone.framework; sourceTree = BUILT_PRODUCTS_DIR; };
		92880ECB244336C800F62926 /* TwitterClone.app */ = {isa = PBXFileReference; explicitFileType = wrapper.application; includeInIndex = 0; path = TwitterClone.app; sourceTree = BUILT_PRODUCTS_DIR; };
		92880ECE244336C800F62926 /* AppDelegate.swift */ = {isa = PBXFileReference; lastKnownFileType = sourcecode.swift; path = AppDelegate.swift; sourceTree = "<group>"; };
		92880ED0244336C800F62926 /* SceneDelegate.swift */ = {isa = PBXFileReference; lastKnownFileType = sourcecode.swift; path = SceneDelegate.swift; sourceTree = "<group>"; };
		92880ED5244336C800F62926 /* Base */ = {isa = PBXFileReference; lastKnownFileType = file.storyboard; name = Base; path = Base.lproj/Main.storyboard; sourceTree = "<group>"; };
		92880ED7244336CB00F62926 /* Assets.xcassets */ = {isa = PBXFileReference; lastKnownFileType = folder.assetcatalog; path = Assets.xcassets; sourceTree = "<group>"; };
		92880EDA244336CB00F62926 /* Base */ = {isa = PBXFileReference; lastKnownFileType = file.storyboard; name = Base; path = Base.lproj/LaunchScreen.storyboard; sourceTree = "<group>"; };
		92880EDC244336CB00F62926 /* Info.plist */ = {isa = PBXFileReference; lastKnownFileType = text.plist.xml; path = Info.plist; sourceTree = "<group>"; };
		92880EEA244337C900F62926 /* MainTabController.swift */ = {isa = PBXFileReference; lastKnownFileType = sourcecode.swift; path = MainTabController.swift; sourceTree = "<group>"; };
		92880EEC24433A5900F62926 /* FeedController.swift */ = {isa = PBXFileReference; lastKnownFileType = sourcecode.swift; path = FeedController.swift; sourceTree = "<group>"; };
		92880EEE24433AAC00F62926 /* ExploreController.swift */ = {isa = PBXFileReference; lastKnownFileType = sourcecode.swift; path = ExploreController.swift; sourceTree = "<group>"; };
		92880EF024433AC100F62926 /* NotificationController.swift */ = {isa = PBXFileReference; lastKnownFileType = sourcecode.swift; path = NotificationController.swift; sourceTree = "<group>"; };
		92880EF224433AD900F62926 /* ConversationController.swift */ = {isa = PBXFileReference; lastKnownFileType = sourcecode.swift; path = ConversationController.swift; sourceTree = "<group>"; };
		92880EF424434E2A00F62926 /* Extensions.swift */ = {isa = PBXFileReference; lastKnownFileType = sourcecode.swift; path = Extensions.swift; sourceTree = "<group>"; };
		92880EF72443534700F62926 /* LoginViewController.swift */ = {isa = PBXFileReference; lastKnownFileType = sourcecode.swift; path = LoginViewController.swift; sourceTree = "<group>"; };
		92880EFA244353CA00F62926 /* RegistrationViewController.swift */ = {isa = PBXFileReference; lastKnownFileType = sourcecode.swift; path = RegistrationViewController.swift; sourceTree = "<group>"; };
		92880EFC24435D3500F62926 /* Utilities.swift */ = {isa = PBXFileReference; lastKnownFileType = sourcecode.swift; path = Utilities.swift; sourceTree = "<group>"; };
		92880EFE2444A24C00F62926 /* GoogleService-Info.plist */ = {isa = PBXFileReference; lastKnownFileType = text.plist; path = "GoogleService-Info.plist"; sourceTree = SOURCE_ROOT; };
		929A0D58244AF6DA00542B7E /* Constans.swift */ = {isa = PBXFileReference; lastKnownFileType = sourcecode.swift; path = Constans.swift; sourceTree = "<group>"; };
		929A0D5A244AFD5000542B7E /* AuthService.swift */ = {isa = PBXFileReference; lastKnownFileType = sourcecode.swift; path = AuthService.swift; sourceTree = "<group>"; };
		929A0D5C244B108D00542B7E /* UserService.swift */ = {isa = PBXFileReference; lastKnownFileType = sourcecode.swift; path = UserService.swift; sourceTree = "<group>"; };
		929A0D5E244B140F00542B7E /* User.swift */ = {isa = PBXFileReference; lastKnownFileType = sourcecode.swift; path = User.swift; sourceTree = "<group>"; };
		929A0D60244B248700542B7E /* UploadTweetViewController.swift */ = {isa = PBXFileReference; lastKnownFileType = sourcecode.swift; path = UploadTweetViewController.swift; sourceTree = "<group>"; };
		929A0D62244B32F400542B7E /* CaptionTextView.swift */ = {isa = PBXFileReference; lastKnownFileType = sourcecode.swift; path = CaptionTextView.swift; sourceTree = "<group>"; };
		929A0D64244B370500542B7E /* TweetService.swift */ = {isa = PBXFileReference; lastKnownFileType = sourcecode.swift; path = TweetService.swift; sourceTree = "<group>"; };
		929A0D66244C6E6D00542B7E /* Tweet.swift */ = {isa = PBXFileReference; lastKnownFileType = sourcecode.swift; path = Tweet.swift; sourceTree = "<group>"; };
		929A0D68244C76CD00542B7E /* TweetCell.swift */ = {isa = PBXFileReference; lastKnownFileType = sourcecode.swift; path = TweetCell.swift; sourceTree = "<group>"; };
		929A0D6A244C911C00542B7E /* TweetViewModel.swift */ = {isa = PBXFileReference; lastKnownFileType = sourcecode.swift; path = TweetViewModel.swift; sourceTree = "<group>"; };
		929A0D6C244C9D2800542B7E /* ProfileController.swift */ = {isa = PBXFileReference; lastKnownFileType = sourcecode.swift; path = ProfileController.swift; sourceTree = "<group>"; };
		929A0D6E245462D300542B7E /* ProfileHeader.swift */ = {isa = PBXFileReference; lastKnownFileType = sourcecode.swift; path = ProfileHeader.swift; sourceTree = "<group>"; };
		929A0D70245474AC00542B7E /* ProfileFilterView.swift */ = {isa = PBXFileReference; lastKnownFileType = sourcecode.swift; path = ProfileFilterView.swift; sourceTree = "<group>"; };
		929A0D722455A39400542B7E /* ProfileFilterCell.swift */ = {isa = PBXFileReference; lastKnownFileType = sourcecode.swift; path = ProfileFilterCell.swift; sourceTree = "<group>"; };
		929A0D742455ACDB00542B7E /* ProfileHeaderViewModel.swift */ = {isa = PBXFileReference; lastKnownFileType = sourcecode.swift; path = ProfileHeaderViewModel.swift; sourceTree = "<group>"; };
		929A0D76245C2D3A00542B7E /* UserCell.swift */ = {isa = PBXFileReference; lastKnownFileType = sourcecode.swift; path = UserCell.swift; sourceTree = "<group>"; };
		929A0D78245D78B600542B7E /* TweetController.swift */ = {isa = PBXFileReference; lastKnownFileType = sourcecode.swift; path = TweetController.swift; sourceTree = "<group>"; };
		929A0D7A245D7DC900542B7E /* TweetHeader.swift */ = {isa = PBXFileReference; lastKnownFileType = sourcecode.swift; path = TweetHeader.swift; sourceTree = "<group>"; };
		929A0D7C2465989B00542B7E /* UploadTweetViewModel.swift */ = {isa = PBXFileReference; lastKnownFileType = sourcecode.swift; path = UploadTweetViewModel.swift; sourceTree = "<group>"; };
		929A0D7E2466C62900542B7E /* ActionSheetLauncher.swift */ = {isa = PBXFileReference; lastKnownFileType = sourcecode.swift; path = ActionSheetLauncher.swift; sourceTree = "<group>"; };
		929A0D802466CF7700542B7E /* ActionSheetCell.swift */ = {isa = PBXFileReference; lastKnownFileType = sourcecode.swift; path = ActionSheetCell.swift; sourceTree = "<group>"; };
		929A0D822466D43600542B7E /* ActionSheetViewModel.swift */ = {isa = PBXFileReference; lastKnownFileType = sourcecode.swift; path = ActionSheetViewModel.swift; sourceTree = "<group>"; };
		929A0D842468383300542B7E /* Notification.swift */ = {isa = PBXFileReference; lastKnownFileType = sourcecode.swift; path = Notification.swift; sourceTree = "<group>"; };
		929A0D8624683C6200542B7E /* NotificationService.swift */ = {isa = PBXFileReference; lastKnownFileType = sourcecode.swift; path = NotificationService.swift; sourceTree = "<group>"; };
		929A0D88246847A900542B7E /* NotificationCell.swift */ = {isa = PBXFileReference; lastKnownFileType = sourcecode.swift; path = NotificationCell.swift; sourceTree = "<group>"; };
		929A0D8A2468506000542B7E /* NotificationViewModel.swift */ = {isa = PBXFileReference; lastKnownFileType = sourcecode.swift; path = NotificationViewModel.swift; sourceTree = "<group>"; };
		929A0D8C24792EAB00542B7E /* EditProfileController.swift */ = {isa = PBXFileReference; lastKnownFileType = sourcecode.swift; path = EditProfileController.swift; sourceTree = "<group>"; };
		929A0D8F2479327200542B7E /* EditProfileHeader.swift */ = {isa = PBXFileReference; lastKnownFileType = sourcecode.swift; path = EditProfileHeader.swift; sourceTree = "<group>"; };
		929A0D912479378200542B7E /* EditProfileViewModel.swift */ = {isa = PBXFileReference; lastKnownFileType = sourcecode.swift; path = EditProfileViewModel.swift; sourceTree = "<group>"; };
		929A0D932479385D00542B7E /* EditProfileCell.swift */ = {isa = PBXFileReference; lastKnownFileType = sourcecode.swift; path = EditProfileCell.swift; sourceTree = "<group>"; };
		929A0D952479535600542B7E /* InputTextView.swift */ = {isa = PBXFileReference; lastKnownFileType = sourcecode.swift; path = InputTextView.swift; sourceTree = "<group>"; };
		9B22BEA3F84A67B2D92886E3 /* Pods-TwitterClone.debug.xcconfig */ = {isa = PBXFileReference; includeInIndex = 1; lastKnownFileType = text.xcconfig; name = "Pods-TwitterClone.debug.xcconfig"; path = "Target Support Files/Pods-TwitterClone/Pods-TwitterClone.debug.xcconfig"; sourceTree = "<group>"; };
/* End PBXFileReference section */

/* Begin PBXFrameworksBuildPhase section */
		92880EC8244336C800F62926 /* Frameworks */ = {
			isa = PBXFrameworksBuildPhase;
			buildActionMask = 2147483647;
			files = (
				59FBB77EBE693126B8F3A503 /* Pods_TwitterClone.framework in Frameworks */,
			);
			runOnlyForDeploymentPostprocessing = 0;
		};
/* End PBXFrameworksBuildPhase section */

/* Begin PBXGroup section */
		6E51BD94002D4D8DCB95D2FE /* Pods */ = {
			isa = PBXGroup;
			children = (
				9B22BEA3F84A67B2D92886E3 /* Pods-TwitterClone.debug.xcconfig */,
				5BF1F1326625DE807A80CF93 /* Pods-TwitterClone.release.xcconfig */,
			);
			path = Pods;
			sourceTree = "<group>";
		};
		92880EC2244336C800F62926 = {
			isa = PBXGroup;
			children = (
				92880ECD244336C800F62926 /* TwitterClone */,
				92880ECC244336C800F62926 /* Products */,
				6E51BD94002D4D8DCB95D2FE /* Pods */,
				AD0055736D8B7690354739ED /* Frameworks */,
			);
			sourceTree = "<group>";
		};
		92880ECC244336C800F62926 /* Products */ = {
			isa = PBXGroup;
			children = (
				92880ECB244336C800F62926 /* TwitterClone.app */,
			);
			name = Products;
			sourceTree = "<group>";
		};
		92880ECD244336C800F62926 /* TwitterClone */ = {
			isa = PBXGroup;
			children = (
				92880EE92443372100F62926 /* Model */,
				92880EE82443371E00F62926 /* View */,
				92880EE72443371A00F62926 /* ViewModel */,
				92880EE62443371800F62926 /* Controller */,
				92880EE52443371600F62926 /* API */,
				92880EE22443370A00F62926 /* Utils */,
				92880ECE244336C800F62926 /* AppDelegate.swift */,
				92880ED0244336C800F62926 /* SceneDelegate.swift */,
				92880ED4244336C800F62926 /* Main.storyboard */,
				92880ED7244336CB00F62926 /* Assets.xcassets */,
				92880ED9244336CB00F62926 /* LaunchScreen.storyboard */,
				92880EFE2444A24C00F62926 /* GoogleService-Info.plist */,
				92880EDC244336CB00F62926 /* Info.plist */,
			);
			path = TwitterClone;
			sourceTree = "<group>";
		};
		92880EE22443370A00F62926 /* Utils */ = {
			isa = PBXGroup;
			children = (
				92880EF424434E2A00F62926 /* Extensions.swift */,
				92880EFC24435D3500F62926 /* Utilities.swift */,
				929A0D58244AF6DA00542B7E /* Constans.swift */,
				929A0D7E2466C62900542B7E /* ActionSheetLauncher.swift */,
			);
			path = Utils;
			sourceTree = "<group>";
		};
		92880EE52443371600F62926 /* API */ = {
			isa = PBXGroup;
			children = (
				929A0D5A244AFD5000542B7E /* AuthService.swift */,
				929A0D5C244B108D00542B7E /* UserService.swift */,
				929A0D64244B370500542B7E /* TweetService.swift */,
				929A0D8624683C6200542B7E /* NotificationService.swift */,
			);
			path = API;
			sourceTree = "<group>";
		};
		92880EE62443371800F62926 /* Controller */ = {
			isa = PBXGroup;
			children = (
				92880EF62443532100F62926 /* Authentication */,
				92880EEA244337C900F62926 /* MainTabController.swift */,
				92880EEC24433A5900F62926 /* FeedController.swift */,
				92880EEE24433AAC00F62926 /* ExploreController.swift */,
				92880EF024433AC100F62926 /* NotificationController.swift */,
				92880EF224433AD900F62926 /* ConversationController.swift */,
				929A0D60244B248700542B7E /* UploadTweetViewController.swift */,
				929A0D6C244C9D2800542B7E /* ProfileController.swift */,
				929A0D78245D78B600542B7E /* TweetController.swift */,
				929A0D8C24792EAB00542B7E /* EditProfileController.swift */,
			);
			path = Controller;
			sourceTree = "<group>";
		};
		92880EE72443371A00F62926 /* ViewModel */ = {
			isa = PBXGroup;
			children = (
				929A0D6A244C911C00542B7E /* TweetViewModel.swift */,
				929A0D742455ACDB00542B7E /* ProfileHeaderViewModel.swift */,
				929A0D7C2465989B00542B7E /* UploadTweetViewModel.swift */,
				929A0D822466D43600542B7E /* ActionSheetViewModel.swift */,
				929A0D8A2468506000542B7E /* NotificationViewModel.swift */,
				929A0D912479378200542B7E /* EditProfileViewModel.swift */,
			);
			path = ViewModel;
			sourceTree = "<group>";
		};
		92880EE82443371E00F62926 /* View */ = {
			isa = PBXGroup;
			children = (
				929A0D8E2479323100542B7E /* Profile */,
				929A0D62244B32F400542B7E /* CaptionTextView.swift */,
				929A0D68244C76CD00542B7E /* TweetCell.swift */,
				929A0D76245C2D3A00542B7E /* UserCell.swift */,
				929A0D7A245D7DC900542B7E /* TweetHeader.swift */,
				929A0D802466CF7700542B7E /* ActionSheetCell.swift */,
				929A0D88246847A900542B7E /* NotificationCell.swift */,
				929A0D952479535600542B7E /* InputTextView.swift */,
			);
			path = View;
			sourceTree = "<group>";
		};
		92880EE92443372100F62926 /* Model */ = {
			isa = PBXGroup;
			children = (
				929A0D5E244B140F00542B7E /* User.swift */,
				929A0D66244C6E6D00542B7E /* Tweet.swift */,
				929A0D842468383300542B7E /* Notification.swift */,
			);
			path = Model;
			sourceTree = "<group>";
		};
		92880EF62443532100F62926 /* Authentication */ = {
			isa = PBXGroup;
			children = (
				92880EF72443534700F62926 /* LoginViewController.swift */,
				92880EFA244353CA00F62926 /* RegistrationViewController.swift */,
			);
			path = Authentication;
			sourceTree = "<group>";
		};
		929A0D8E2479323100542B7E /* Profile */ = {
			isa = PBXGroup;
			children = (
				929A0D722455A39400542B7E /* ProfileFilterCell.swift */,
				929A0D70245474AC00542B7E /* ProfileFilterView.swift */,
				929A0D6E245462D300542B7E /* ProfileHeader.swift */,
				929A0D8F2479327200542B7E /* EditProfileHeader.swift */,
				929A0D932479385D00542B7E /* EditProfileCell.swift */,
			);
			path = Profile;
			sourceTree = "<group>";
		};
		AD0055736D8B7690354739ED /* Frameworks */ = {
			isa = PBXGroup;
			children = (
				699F33A6DBB6A51007A433A0 /* Pods_TwitterClone.framework */,
			);
			name = Frameworks;
			sourceTree = "<group>";
		};
/* End PBXGroup section */

/* Begin PBXNativeTarget section */
		92880ECA244336C800F62926 /* TwitterClone */ = {
			isa = PBXNativeTarget;
			buildConfigurationList = 92880EDF244336CB00F62926 /* Build configuration list for PBXNativeTarget "TwitterClone" */;
			buildPhases = (
				11D459A808CC5F2E8405A886 /* [CP] Check Pods Manifest.lock */,
				92880EC7244336C800F62926 /* Sources */,
				92880EC8244336C800F62926 /* Frameworks */,
				92880EC9244336C800F62926 /* Resources */,
				6FDE0A8230C10CF922D5C167 /* [CP] Embed Pods Frameworks */,
			);
			buildRules = (
			);
			dependencies = (
			);
			name = TwitterClone;
			productName = TwitterClone;
			productReference = 92880ECB244336C800F62926 /* TwitterClone.app */;
			productType = "com.apple.product-type.application";
		};
/* End PBXNativeTarget section */

/* Begin PBXProject section */
		92880EC3244336C800F62926 /* Project object */ = {
			isa = PBXProject;
			attributes = {
				LastSwiftUpdateCheck = 1140;
				LastUpgradeCheck = 1140;
				ORGANIZATIONNAME = karyna.com;
				TargetAttributes = {
					92880ECA244336C800F62926 = {
						CreatedOnToolsVersion = 11.4;
					};
				};
			};
			buildConfigurationList = 92880EC6244336C800F62926 /* Build configuration list for PBXProject "TwitterClone" */;
			compatibilityVersion = "Xcode 9.3";
			developmentRegion = en;
			hasScannedForEncodings = 0;
			knownRegions = (
				en,
				Base,
			);
			mainGroup = 92880EC2244336C800F62926;
			productRefGroup = 92880ECC244336C800F62926 /* Products */;
			projectDirPath = "";
			projectRoot = "";
			targets = (
				92880ECA244336C800F62926 /* TwitterClone */,
			);
		};
/* End PBXProject section */

/* Begin PBXResourcesBuildPhase section */
		92880EC9244336C800F62926 /* Resources */ = {
			isa = PBXResourcesBuildPhase;
			buildActionMask = 2147483647;
			files = (
				92880EDB244336CB00F62926 /* LaunchScreen.storyboard in Resources */,
				92880EFF2444A24C00F62926 /* GoogleService-Info.plist in Resources */,
				92880ED8244336CB00F62926 /* Assets.xcassets in Resources */,
				92880ED6244336C800F62926 /* Main.storyboard in Resources */,
			);
			runOnlyForDeploymentPostprocessing = 0;
		};
/* End PBXResourcesBuildPhase section */

/* Begin PBXShellScriptBuildPhase section */
		11D459A808CC5F2E8405A886 /* [CP] Check Pods Manifest.lock */ = {
			isa = PBXShellScriptBuildPhase;
			buildActionMask = 2147483647;
			files = (
			);
			inputFileListPaths = (
			);
			inputPaths = (
				"${PODS_PODFILE_DIR_PATH}/Podfile.lock",
				"${PODS_ROOT}/Manifest.lock",
			);
			name = "[CP] Check Pods Manifest.lock";
			outputFileListPaths = (
			);
			outputPaths = (
				"$(DERIVED_FILE_DIR)/Pods-TwitterClone-checkManifestLockResult.txt",
			);
			runOnlyForDeploymentPostprocessing = 0;
			shellPath = /bin/sh;
			shellScript = "diff \"${PODS_PODFILE_DIR_PATH}/Podfile.lock\" \"${PODS_ROOT}/Manifest.lock\" > /dev/null\nif [ $? != 0 ] ; then\n    # print error to STDERR\n    echo \"error: The sandbox is not in sync with the Podfile.lock. Run 'pod install' or update your CocoaPods installation.\" >&2\n    exit 1\nfi\n# This output is used by Xcode 'outputs' to avoid re-running this script phase.\necho \"SUCCESS\" > \"${SCRIPT_OUTPUT_FILE_0}\"\n";
			showEnvVarsInLog = 0;
		};
		6FDE0A8230C10CF922D5C167 /* [CP] Embed Pods Frameworks */ = {
			isa = PBXShellScriptBuildPhase;
			buildActionMask = 2147483647;
			files = (
			);
			inputFileListPaths = (
			);
			inputPaths = (
				"${PODS_ROOT}/Target Support Files/Pods-TwitterClone/Pods-TwitterClone-frameworks.sh",
				"${BUILT_PRODUCTS_DIR}/ActiveLabel/ActiveLabel.framework",
				"${BUILT_PRODUCTS_DIR}/GTMSessionFetcher/GTMSessionFetcher.framework",
				"${BUILT_PRODUCTS_DIR}/GoogleUtilities/GoogleUtilities.framework",
				"${BUILT_PRODUCTS_DIR}/SDWebImage/SDWebImage.framework",
				"${BUILT_PRODUCTS_DIR}/leveldb-library/leveldb.framework",
				"${BUILT_PRODUCTS_DIR}/nanopb/nanopb.framework",
			);
			name = "[CP] Embed Pods Frameworks";
			outputFileListPaths = (
			);
			outputPaths = (
				"${TARGET_BUILD_DIR}/${FRAMEWORKS_FOLDER_PATH}/ActiveLabel.framework",
				"${TARGET_BUILD_DIR}/${FRAMEWORKS_FOLDER_PATH}/GTMSessionFetcher.framework",
				"${TARGET_BUILD_DIR}/${FRAMEWORKS_FOLDER_PATH}/GoogleUtilities.framework",
				"${TARGET_BUILD_DIR}/${FRAMEWORKS_FOLDER_PATH}/SDWebImage.framework",
				"${TARGET_BUILD_DIR}/${FRAMEWORKS_FOLDER_PATH}/leveldb.framework",
				"${TARGET_BUILD_DIR}/${FRAMEWORKS_FOLDER_PATH}/nanopb.framework",
			);
			runOnlyForDeploymentPostprocessing = 0;
			shellPath = /bin/sh;
			shellScript = "\"${PODS_ROOT}/Target Support Files/Pods-TwitterClone/Pods-TwitterClone-frameworks.sh\"\n";
			showEnvVarsInLog = 0;
		};
/* End PBXShellScriptBuildPhase section */

/* Begin PBXSourcesBuildPhase section */
		92880EC7244336C800F62926 /* Sources */ = {
			isa = PBXSourcesBuildPhase;
			buildActionMask = 2147483647;
			files = (
				929A0D962479535600542B7E /* InputTextView.swift in Sources */,
				929A0D5D244B108D00542B7E /* UserService.swift in Sources */,
				92880EF82443534700F62926 /* LoginViewController.swift in Sources */,
				929A0D63244B32F400542B7E /* CaptionTextView.swift in Sources */,
				929A0D732455A39400542B7E /* ProfileFilterCell.swift in Sources */,
				92880EF124433AC100F62926 /* NotificationController.swift in Sources */,
				929A0D77245C2D3A00542B7E /* UserCell.swift in Sources */,
				929A0D59244AF6DA00542B7E /* Constans.swift in Sources */,
				929A0D8D24792EAB00542B7E /* EditProfileController.swift in Sources */,
				929A0D812466CF7700542B7E /* ActionSheetCell.swift in Sources */,
				92880EFD24435D3500F62926 /* Utilities.swift in Sources */,
				929A0D8B2468506000542B7E /* NotificationViewModel.swift in Sources */,
				92880ECF244336C800F62926 /* AppDelegate.swift in Sources */,
				929A0D79245D78B600542B7E /* TweetController.swift in Sources */,
				929A0D6D244C9D2800542B7E /* ProfileController.swift in Sources */,
				929A0D7D2465989B00542B7E /* UploadTweetViewModel.swift in Sources */,
				929A0D6F245462D300542B7E /* ProfileHeader.swift in Sources */,
				929A0D942479385D00542B7E /* EditProfileCell.swift in Sources */,
				929A0D69244C76CD00542B7E /* TweetCell.swift in Sources */,
				92880EEF24433AAC00F62926 /* ExploreController.swift in Sources */,
				929A0D852468383300542B7E /* Notification.swift in Sources */,
				929A0D61244B248700542B7E /* UploadTweetViewController.swift in Sources */,
				929A0D752455ACDB00542B7E /* ProfileHeaderViewModel.swift in Sources */,
				929A0D5B244AFD5000542B7E /* AuthService.swift in Sources */,
				929A0D5F244B140F00542B7E /* User.swift in Sources */,
				92880EFB244353CA00F62926 /* RegistrationViewController.swift in Sources */,
				929A0D902479327200542B7E /* EditProfileHeader.swift in Sources */,
				92880ED1244336C800F62926 /* SceneDelegate.swift in Sources */,
				929A0D8724683C6200542B7E /* NotificationService.swift in Sources */,
				92880EEB244337C900F62926 /* MainTabController.swift in Sources */,
				929A0D7B245D7DC900542B7E /* TweetHeader.swift in Sources */,
				929A0D6B244C911C00542B7E /* TweetViewModel.swift in Sources */,
				929A0D832466D43600542B7E /* ActionSheetViewModel.swift in Sources */,
				929A0D89246847A900542B7E /* NotificationCell.swift in Sources */,
				929A0D922479378200542B7E /* EditProfileViewModel.swift in Sources */,
				92880EF324433AD900F62926 /* ConversationController.swift in Sources */,
				92880EED24433A5900F62926 /* FeedController.swift in Sources */,
				929A0D71245474AC00542B7E /* ProfileFilterView.swift in Sources */,
				92880EF524434E2A00F62926 /* Extensions.swift in Sources */,
				929A0D7F2466C62900542B7E /* ActionSheetLauncher.swift in Sources */,
				929A0D67244C6E6D00542B7E /* Tweet.swift in Sources */,
				929A0D65244B370500542B7E /* TweetService.swift in Sources */,
			);
			runOnlyForDeploymentPostprocessing = 0;
		};
/* End PBXSourcesBuildPhase section */

/* Begin PBXVariantGroup section */
		92880ED4244336C800F62926 /* Main.storyboard */ = {
			isa = PBXVariantGroup;
			children = (
				92880ED5244336C800F62926 /* Base */,
			);
			name = Main.storyboard;
			sourceTree = "<group>";
		};
		92880ED9244336CB00F62926 /* LaunchScreen.storyboard */ = {
			isa = PBXVariantGroup;
			children = (
				92880EDA244336CB00F62926 /* Base */,
			);
			name = LaunchScreen.storyboard;
			sourceTree = "<group>";
		};
/* End PBXVariantGroup section */

/* Begin XCBuildConfiguration section */
		92880EDD244336CB00F62926 /* Debug */ = {
			isa = XCBuildConfiguration;
			buildSettings = {
				ALWAYS_SEARCH_USER_PATHS = NO;
				CLANG_ANALYZER_NONNULL = YES;
				CLANG_ANALYZER_NUMBER_OBJECT_CONVERSION = YES_AGGRESSIVE;
				CLANG_CXX_LANGUAGE_STANDARD = "gnu++14";
				CLANG_CXX_LIBRARY = "libc++";
				CLANG_ENABLE_MODULES = YES;
				CLANG_ENABLE_OBJC_ARC = YES;
				CLANG_ENABLE_OBJC_WEAK = YES;
				CLANG_WARN_BLOCK_CAPTURE_AUTORELEASING = YES;
				CLANG_WARN_BOOL_CONVERSION = YES;
				CLANG_WARN_COMMA = YES;
				CLANG_WARN_CONSTANT_CONVERSION = YES;
				CLANG_WARN_DEPRECATED_OBJC_IMPLEMENTATIONS = YES;
				CLANG_WARN_DIRECT_OBJC_ISA_USAGE = YES_ERROR;
				CLANG_WARN_DOCUMENTATION_COMMENTS = YES;
				CLANG_WARN_EMPTY_BODY = YES;
				CLANG_WARN_ENUM_CONVERSION = YES;
				CLANG_WARN_INFINITE_RECURSION = YES;
				CLANG_WARN_INT_CONVERSION = YES;
				CLANG_WARN_NON_LITERAL_NULL_CONVERSION = YES;
				CLANG_WARN_OBJC_IMPLICIT_RETAIN_SELF = YES;
				CLANG_WARN_OBJC_LITERAL_CONVERSION = YES;
				CLANG_WARN_OBJC_ROOT_CLASS = YES_ERROR;
				CLANG_WARN_RANGE_LOOP_ANALYSIS = YES;
				CLANG_WARN_STRICT_PROTOTYPES = YES;
				CLANG_WARN_SUSPICIOUS_MOVE = YES;
				CLANG_WARN_UNGUARDED_AVAILABILITY = YES_AGGRESSIVE;
				CLANG_WARN_UNREACHABLE_CODE = YES;
				CLANG_WARN__DUPLICATE_METHOD_MATCH = YES;
				COPY_PHASE_STRIP = NO;
				DEBUG_INFORMATION_FORMAT = dwarf;
				ENABLE_STRICT_OBJC_MSGSEND = YES;
				ENABLE_TESTABILITY = YES;
				GCC_C_LANGUAGE_STANDARD = gnu11;
				GCC_DYNAMIC_NO_PIC = NO;
				GCC_NO_COMMON_BLOCKS = YES;
				GCC_OPTIMIZATION_LEVEL = 0;
				GCC_PREPROCESSOR_DEFINITIONS = (
					"DEBUG=1",
					"$(inherited)",
				);
				GCC_WARN_64_TO_32_BIT_CONVERSION = YES;
				GCC_WARN_ABOUT_RETURN_TYPE = YES_ERROR;
				GCC_WARN_UNDECLARED_SELECTOR = YES;
				GCC_WARN_UNINITIALIZED_AUTOS = YES_AGGRESSIVE;
				GCC_WARN_UNUSED_FUNCTION = YES;
				GCC_WARN_UNUSED_VARIABLE = YES;
				IPHONEOS_DEPLOYMENT_TARGET = 13.4;
				MTL_ENABLE_DEBUG_INFO = INCLUDE_SOURCE;
				MTL_FAST_MATH = YES;
				ONLY_ACTIVE_ARCH = YES;
				SDKROOT = iphoneos;
				SWIFT_ACTIVE_COMPILATION_CONDITIONS = DEBUG;
				SWIFT_OPTIMIZATION_LEVEL = "-Onone";
			};
			name = Debug;
		};
		92880EDE244336CB00F62926 /* Release */ = {
			isa = XCBuildConfiguration;
			buildSettings = {
				ALWAYS_SEARCH_USER_PATHS = NO;
				CLANG_ANALYZER_NONNULL = YES;
				CLANG_ANALYZER_NUMBER_OBJECT_CONVERSION = YES_AGGRESSIVE;
				CLANG_CXX_LANGUAGE_STANDARD = "gnu++14";
				CLANG_CXX_LIBRARY = "libc++";
				CLANG_ENABLE_MODULES = YES;
				CLANG_ENABLE_OBJC_ARC = YES;
				CLANG_ENABLE_OBJC_WEAK = YES;
				CLANG_WARN_BLOCK_CAPTURE_AUTORELEASING = YES;
				CLANG_WARN_BOOL_CONVERSION = YES;
				CLANG_WARN_COMMA = YES;
				CLANG_WARN_CONSTANT_CONVERSION = YES;
				CLANG_WARN_DEPRECATED_OBJC_IMPLEMENTATIONS = YES;
				CLANG_WARN_DIRECT_OBJC_ISA_USAGE = YES_ERROR;
				CLANG_WARN_DOCUMENTATION_COMMENTS = YES;
				CLANG_WARN_EMPTY_BODY = YES;
				CLANG_WARN_ENUM_CONVERSION = YES;
				CLANG_WARN_INFINITE_RECURSION = YES;
				CLANG_WARN_INT_CONVERSION = YES;
				CLANG_WARN_NON_LITERAL_NULL_CONVERSION = YES;
				CLANG_WARN_OBJC_IMPLICIT_RETAIN_SELF = YES;
				CLANG_WARN_OBJC_LITERAL_CONVERSION = YES;
				CLANG_WARN_OBJC_ROOT_CLASS = YES_ERROR;
				CLANG_WARN_RANGE_LOOP_ANALYSIS = YES;
				CLANG_WARN_STRICT_PROTOTYPES = YES;
				CLANG_WARN_SUSPICIOUS_MOVE = YES;
				CLANG_WARN_UNGUARDED_AVAILABILITY = YES_AGGRESSIVE;
				CLANG_WARN_UNREACHABLE_CODE = YES;
				CLANG_WARN__DUPLICATE_METHOD_MATCH = YES;
				COPY_PHASE_STRIP = NO;
				DEBUG_INFORMATION_FORMAT = "dwarf-with-dsym";
				ENABLE_NS_ASSERTIONS = NO;
				ENABLE_STRICT_OBJC_MSGSEND = YES;
				GCC_C_LANGUAGE_STANDARD = gnu11;
				GCC_NO_COMMON_BLOCKS = YES;
				GCC_WARN_64_TO_32_BIT_CONVERSION = YES;
				GCC_WARN_ABOUT_RETURN_TYPE = YES_ERROR;
				GCC_WARN_UNDECLARED_SELECTOR = YES;
				GCC_WARN_UNINITIALIZED_AUTOS = YES_AGGRESSIVE;
				GCC_WARN_UNUSED_FUNCTION = YES;
				GCC_WARN_UNUSED_VARIABLE = YES;
				IPHONEOS_DEPLOYMENT_TARGET = 13.4;
				MTL_ENABLE_DEBUG_INFO = NO;
				MTL_FAST_MATH = YES;
				SDKROOT = iphoneos;
				SWIFT_COMPILATION_MODE = wholemodule;
				SWIFT_OPTIMIZATION_LEVEL = "-O";
				VALIDATE_PRODUCT = YES;
			};
			name = Release;
		};
		92880EE0244336CB00F62926 /* Debug */ = {
			isa = XCBuildConfiguration;
			baseConfigurationReference = 9B22BEA3F84A67B2D92886E3 /* Pods-TwitterClone.debug.xcconfig */;
			buildSettings = {
				ASSETCATALOG_COMPILER_APPICON_NAME = AppIcon;
				CODE_SIGN_STYLE = Automatic;
				DEVELOPMENT_TEAM = P89AACBR8G;
				INFOPLIST_FILE = TwitterClone/Info.plist;
				LD_RUNPATH_SEARCH_PATHS = (
					"$(inherited)",
					"@executable_path/Frameworks",
				);
				PRODUCT_BUNDLE_IDENTIFIER = karyna.com.TwitterClone;
				PRODUCT_NAME = "$(TARGET_NAME)";
				SWIFT_VERSION = 5.0;
				TARGETED_DEVICE_FAMILY = "1,2";
			};
			name = Debug;
		};
		92880EE1244336CB00F62926 /* Release */ = {
			isa = XCBuildConfiguration;
			baseConfigurationReference = 5BF1F1326625DE807A80CF93 /* Pods-TwitterClone.release.xcconfig */;
			buildSettings = {
				ASSETCATALOG_COMPILER_APPICON_NAME = AppIcon;
				CODE_SIGN_STYLE = Automatic;
				DEVELOPMENT_TEAM = P89AACBR8G;
				INFOPLIST_FILE = TwitterClone/Info.plist;
				LD_RUNPATH_SEARCH_PATHS = (
					"$(inherited)",
					"@executable_path/Frameworks",
				);
				PRODUCT_BUNDLE_IDENTIFIER = karyna.com.TwitterClone;
				PRODUCT_NAME = "$(TARGET_NAME)";
				SWIFT_VERSION = 5.0;
				TARGETED_DEVICE_FAMILY = "1,2";
			};
			name = Release;
		};
/* End XCBuildConfiguration section */

/* Begin XCConfigurationList section */
		92880EC6244336C800F62926 /* Build configuration list for PBXProject "TwitterClone" */ = {
			isa = XCConfigurationList;
			buildConfigurations = (
				92880EDD244336CB00F62926 /* Debug */,
				92880EDE244336CB00F62926 /* Release */,
			);
			defaultConfigurationIsVisible = 0;
			defaultConfigurationName = Release;
		};
		92880EDF244336CB00F62926 /* Build configuration list for PBXNativeTarget "TwitterClone" */ = {
			isa = XCConfigurationList;
			buildConfigurations = (
				92880EE0244336CB00F62926 /* Debug */,
				92880EE1244336CB00F62926 /* Release */,
			);
			defaultConfigurationIsVisible = 0;
			defaultConfigurationName = Release;
		};
/* End XCConfigurationList section */
	};
	rootObject = 92880EC3244336C800F62926 /* Project object */;
}
